
Microsoft Visual Studio Solution File, Format Version 12.00
# Visual Studio 15
Project("{FAE04EC0-301F-11D3-BF4B-00C04F79EFBC}") = "Assembly-CSharp", "Assembly-CSharp.csproj", "{49E25172-8146-C73B-00A7-CFBC07B4B41E}"
EndProject
Project("{FAE04EC0-301F-11D3-BF4B-00C04F79EFBC}") = "IngameDebugConsole.Runtime", "IngameDebugConsole.Runtime.csproj", "{66FBF0FF-BAD6-3B26-6131-96CFD97D1AC4}"
EndProject
Project("{FAE04EC0-301F-11D3-BF4B-00C04F79EFBC}") = "IngameDebugConsole.Editor", "IngameDebugConsole.Editor.csproj", "{87045D4A-229C-EE06-0912-32D81D22E0BA}"
EndProject
Global
	GlobalSection(SolutionConfigurationPlatforms) = preSolution
		Debug|Any CPU = Debug|Any CPU
		Release|Any CPU = Release|Any CPU
	EndGlobalSection
	GlobalSection(ProjectConfigurationPlatforms) = postSolution
		{49E25172-8146-C73B-00A7-CFBC07B4B41E}.Debug|Any CPU.ActiveCfg = Debug|Any CPU
		{49E25172-8146-C73B-00A7-CFBC07B4B41E}.Debug|Any CPU.Build.0 = Debug|Any CPU
		{49E25172-8146-C73B-00A7-CFBC07B4B41E}.Release|Any CPU.ActiveCfg = Release|Any CPU
		{49E25172-8146-C73B-00A7-CFBC07B4B41E}.Release|Any CPU.Build.0 = Release|Any CPU
		{66FBF0FF-BAD6-3B26-6131-96CFD97D1AC4}.Debug|Any CPU.ActiveCfg = Debug|Any CPU
		{66FBF0FF-BAD6-3B26-6131-96CFD97D1AC4}.Debug|Any CPU.Build.0 = Debug|Any CPU
		{66FBF0FF-BAD6-3B26-6131-96CFD97D1AC4}.Release|Any CPU.ActiveCfg = Release|Any CPU
		{66FBF0FF-BAD6-3B26-6131-96CFD97D1AC4}.Release|Any CPU.Build.0 = Release|Any CPU
		{87045D4A-229C-EE06-0912-32D81D22E0BA}.Debug|Any CPU.ActiveCfg = Debug|Any CPU
		{87045D4A-229C-EE06-0912-32D81D22E0BA}.Debug|Any CPU.Build.0 = Debug|Any CPU
		{87045D4A-229C-EE06-0912-32D81D22E0BA}.Release|Any CPU.ActiveCfg = Release|Any CPU
		{87045D4A-229C-EE06-0912-32D81D22E0BA}.Release|Any CPU.Build.0 = Release|Any CPU
	EndGlobalSection
	GlobalSection(SolutionProperties) = preSolution
		HideSolutionNode = FALSE
	EndGlobalSection
EndGlobal
