
Microsoft Visual Studio Solution File, Format Version 12.00
# Visual Studio 15
Project("{FAE04EC0-301F-11D3-BF4B-00C04F79EFBC}") = "IngameDebugConsole.Runtime", "IngameDebugConsole.Runtime.csproj", "{5A300932-EC8F-96DA-B0AF-61EE579D650B}"
EndProject
Project("{FAE04EC0-301F-11D3-BF4B-00C04F79EFBC}") = "Assembly-CSharp", "Assembly-CSharp.csproj", "{5F876ED7-1A21-CD23-CA74-270E30D3D62A}"
EndProject
Project("{FAE04EC0-301F-11D3-BF4B-00C04F79EFBC}") = "IngameDebugConsole.Editor", "IngameDebugConsole.Editor.csproj", "{8C5DF799-E7EC-156B-4554-1627E79BC21D}"
EndProject
Global
	GlobalSection(SolutionConfigurationPlatforms) = preSolution
		Debug|Any CPU = Debug|Any CPU
		Release|Any CPU = Release|Any CPU
	EndGlobalSection
	GlobalSection(ProjectConfigurationPlatforms) = postSolution
		{5A300932-EC8F-96DA-B0AF-61EE579D650B}.Debug|Any CPU.ActiveCfg = Debug|Any CPU
		{5A300932-EC8F-96DA-B0AF-61EE579D650B}.Debug|Any CPU.Build.0 = Debug|Any CPU
		{5A300932-EC8F-96DA-B0AF-61EE579D650B}.Release|Any CPU.ActiveCfg = Release|Any CPU
		{5A300932-EC8F-96DA-B0AF-61EE579D650B}.Release|Any CPU.Build.0 = Release|Any CPU
		{5F876ED7-1A21-CD23-CA74-270E30D3D62A}.Debug|Any CPU.ActiveCfg = Debug|Any CPU
		{5F876ED7-1A21-CD23-CA74-270E30D3D62A}.Debug|Any CPU.Build.0 = Debug|Any CPU
		{5F876ED7-1A21-CD23-CA74-270E30D3D62A}.Release|Any CPU.ActiveCfg = Release|Any CPU
		{5F876ED7-1A21-CD23-CA74-270E30D3D62A}.Release|Any CPU.Build.0 = Release|Any CPU
		{8C5DF799-E7EC-156B-4554-1627E79BC21D}.Debug|Any CPU.ActiveCfg = Debug|Any CPU
		{8C5DF799-E7EC-156B-4554-1627E79BC21D}.Debug|Any CPU.Build.0 = Debug|Any CPU
		{8C5DF799-E7EC-156B-4554-1627E79BC21D}.Release|Any CPU.ActiveCfg = Release|Any CPU
		{8C5DF799-E7EC-156B-4554-1627E79BC21D}.Release|Any CPU.Build.0 = Release|Any CPU
	EndGlobalSection
	GlobalSection(SolutionProperties) = preSolution
		HideSolutionNode = FALSE
	EndGlobalSection
EndGlobal
